
Microsoft Visual Studio Solution File, Format Version 12.00
# Visual Studio 15
VisualStudioVersion = 15.0.27004.2010
MinimumVisualStudioVersion = 10.0.40219.1
Project("{FAE04EC0-301F-11D3-BF4B-00C04F79EFBC}") = "CinnabarEngine", "CinnabarEngine\CinnabarEngine.csproj", "{221F5452-3BAA-4889-9074-A79902467091}"
EndProject
Global
	GlobalSection(SolutionConfigurationPlatforms) = preSolution
		Debug|Any CPU = Debug|Any CPU
		Release|Any CPU = Release|Any CPU
	EndGlobalSection
	GlobalSection(ProjectConfigurationPlatforms) = postSolution
		{221F5452-3BAA-4889-9074-A79902467091}.Debug|Any CPU.ActiveCfg = Debug|Any CPU
		{221F5452-3BAA-4889-9074-A79902467091}.Debug|Any CPU.Build.0 = Debug|Any CPU
		{221F5452-3BAA-4889-9074-A79902467091}.Release|Any CPU.ActiveCfg = Release|Any CPU
		{221F5452-3BAA-4889-9074-A79902467091}.Release|Any CPU.Build.0 = Release|Any CPU
	EndGlobalSection
	GlobalSection(SolutionProperties) = preSolution
		HideSolutionNode = FALSE
	EndGlobalSection
	GlobalSection(ExtensibilityGlobals) = postSolution
		SolutionGuid = {5EBE4898-96F5-4125-B916-769842450152}
	EndGlobalSection
EndGlobal
